github.com/Xe/ln v0.1.2 h1:VTF6Z95Kdd6S1RSjpnn0DFJV5Do9cfmHTHsE9OGI1dw=
github.com/Xe/ln v0.1.2/go.mod h1:GWZDvjL0ZC/9SSjY8DJ2IOrID6Lejs7D8pgQyjqMYSk=
github.com/google/uuid v1.0.0 h1:b4Gk+7WdP/d3HZH8EJsZpvV7EtDOgaZLtnaNGIu1adA=
github.com/google/uuid v1.0.0/go.mod h1:TIyPZe4MgqvfeYDBFedMoGGpEw/LqOeaOT+nhxU+yHo=
github.com/heroku/x v0.0.0-20180719221634-1de401e1ba0e h1:2sIH0Ui2uiO+B5xqsqyGn0DvYBPsB0ukXXc4FwTZfBE=
github.com/heroku/x v0.0.0-20180719221634-1de401e1ba0e/go.mod h1:opmAyjmIGn9/Y+9Nia6eIaktIXIoMhhFXEFbHLMsX3Y=
github.com/losfair/wagon v0.0.0-20180825141017-f8cb99b55a39 h1:frzcP5c9MdU6H4IcwreXAai126M4iwC3rHhdm5LCmJI=
github.com/losfair/wagon v0.0.0-20180825141017-f8cb99b55a39/go.mod h1:zHOMvbitcZek8oshsMO5VpyBjWjV9X8cn8WTZwdebpM=
github.com/pborman/uuid v0.0.0-20180906182336-adf5a7427709 h1:zNBQb37RGLmJybyMcs983HfUfpkw9OTFD9tbBfAViHE=
github.com/pborman/uuid v0.0.0-20180906182336-adf5a7427709/go.mod h1:VyrYX9gd7irzKovcSS6BIIEwPRkP2Wm2m9ufcdFSJ34=
github.com/perlin-network/life v0.0.0-20180827140726-c39ba803f741 h1:XvEq7ZCmgQOuybWKFIuIB3z4sXwG4JhzamyAZgC+Q78=
github.com/perlin-network/life v0.0.0-20180827140726-c39ba803f741/go.mod h1:57xSeeThaNLPBa4np/M8hjm5HQcWuyqGLJ8A68rBA4Y=
github.com/perlin-network/life v0.0.0-20181005150058-1eb3d14cb6e7 h1:vG8XDzGFUjdPclRykaxgiXjQDpRaOZ7Zk/XR7RDreU0=
github.com/perlin-network/life v0.0.0-20181005150058-1eb3d14cb6e7/go.mod h1:fETv2DiCvuXiTsRHgPs2XQBvWqRGvnc59ZhCw9AtFA4=
github.com/pkg/errors v0.8.0 h1:WdK/asTD0HN+q6hsWO3/vpuAkAr+tw6aNJNDFFf0+qw=
github.com/pkg/errors v0.8.0/go.mod h1:bwawxfHBFNV+L2hUp1rHADufV3IMtnDRdf1r5NINEl0=
golang.org/x/net v0.0.0-20180811021610-c39426892332/go.mod h1:mL1N/T3taQHkDXs73rZJwtUhF3w3ftmwwsq0BUmARs4=
golang.org/x/tools v0.0.0-20180917221912-90fa682c2a6e/go.mod h1:n7NCudcB/nEzxVGmLbDWY5pfWTLqBcC2KZ6jyYvM4mQ=
within.website/ln v0.5.2 h1:4pTM2wzpLjeZAputLf2U29HD79vcmdoEI/VPm2QEYgs=
within.website/ln v0.5.2/go.mod h1:ifURKqsCJekcsdUE+hyCdcuhQqQ+9v9DfA++ZqYxZFE=
