[[package]]
name = "cwa"
version = "0.1.0"
source = "registry+https://github.com/rust-lang/crates.io-index"

[[package]]
name = "testdata"
version = "0.1.0"
dependencies = [
 "cwa 0.1.0 (registry+https://github.com/rust-lang/crates.io-index)",
]

[metadata]
"checksum cwa 0.1.0 (registry+https://github.com/rust-lang/crates.io-index)" = "174b166fe92332f694e2315214a9ed875958322bb8d89f05e21e921d8eabb569"
